# generated by rye
# use `rye lock` or `rye sync` to update this lockfile
#
# last locked with the following flags:
#   pre: false
#   features: []
#   all-features: false
#   with-sources: false
#   generate-hashes: false
#   universal: false

-e file:.
aiohappyeyeballs==2.4.6
    # via aiohttp
aiohttp==3.11.13
    # via torch-geometric
aiosignal==1.3.2
    # via aiohttp
annotated-types==0.7.0
    # via pydantic
attrs==25.1.0
    # via aiohttp
certifi==2025.1.31
    # via requests
    # via sentry-sdk
charset-normalizer==3.4.1
    # via requests
click==8.1.8
    # via wandb
contourpy==1.3.1
    # via matplotlib
cycler==0.12.1
    # via matplotlib
docker-pycreds==0.4.0
    # via wandb
filelock==3.17.0
    # via torch
fonttools==4.56.0
    # via matplotlib
frozenlist==1.5.0
    # via aiohttp
    # via aiosignal
fsspec==2025.2.0
    # via torch
    # via torch-geometric
gitdb==4.0.12
    # via gitpython
gitpython==3.1.44
    # via wandb
idna==3.10
    # via requests
    # via yarl
jinja2==3.1.5
    # via torch
    # via torch-geometric
kiwisolver==1.4.8
    # via matplotlib
markupsafe==3.0.2
    # via jinja2
matplotlib==3.10.1
mpmath==1.3.0
    # via sympy
multidict==6.1.0
    # via aiohttp
    # via yarl
networkx==3.4.2
    # via torch
numpy==2.2.3
    # via contourpy
    # via matplotlib
    # via retarget
    # via scipy
    # via torch-geometric
packaging==24.2
    # via matplotlib
pillow==11.1.0
    # via matplotlib
platformdirs==4.3.6
    # via wandb
propcache==0.3.0
    # via aiohttp
    # via yarl
protobuf==5.29.3
    # via wandb
psutil==7.0.0
    # via torch-geometric
    # via wandb
pydantic==2.10.6
    # via wandb
pydantic-core==2.27.2
    # via pydantic
pyparsing==3.2.1
    # via matplotlib
    # via torch-geometric
python-dateutil==2.9.0.post0
    # via matplotlib
pyyaml==6.0.2
    # via wandb
requests==2.32.3
    # via torch-geometric
    # via wandb
scipy==1.15.2
    # via retarget
sentry-sdk==2.22.0
    # via wandb
setproctitle==1.3.5
    # via wandb
setuptools==75.8.2
    # via torch
    # via wandb
six==1.17.0
    # via docker-pycreds
    # via python-dateutil
smmap==5.0.2
    # via gitdb
sympy==1.13.1
    # via torch
torch==2.6.0
    # via retarget
torch-geometric==2.6.1
    # via retarget
tqdm==4.67.1
    # via torch-geometric
typing-extensions==4.12.2
    # via pydantic
    # via pydantic-core
    # via torch
urllib3==2.3.0
    # via requests
    # via sentry-sdk
wandb==0.19.7
yarl==1.18.3
    # via aiohttp
